
Microsoft Visual Studio Solution File, Format Version 12.00
# Visual Studio Version 17
VisualStudioVersion = 17.7.34221.43
MinimumVisualStudioVersion = 10.0.40219.1
Project("{FAE04EC0-301F-11D3-BF4B-00C04F79EFBC}") = "BasicCalculator", "BasicCalculator\BasicCalculator.csproj", "{F045A35D-4F6B-43A9-BB88-B5E085E4481B}"
EndProject
Project("{FAE04EC0-301F-11D3-BF4B-00C04F79EFBC}") = "UnitCalculatorTest", "UnitCalculatorTest\UnitCalculatorTest.csproj", "{03E99B1F-4DA1-462F-91E9-A8AE8BF71A00}"
EndProject
Global
	GlobalSection(SolutionConfigurationPlatforms) = preSolution
		Debug|Any CPU = Debug|Any CPU
		Release|Any CPU = Release|Any CPU
	EndGlobalSection
	GlobalSection(ProjectConfigurationPlatforms) = postSolution
		{F045A35D-4F6B-43A9-BB88-B5E085E4481B}.Debug|Any CPU.ActiveCfg = Debug|Any CPU
		{F045A35D-4F6B-43A9-BB88-B5E085E4481B}.Debug|Any CPU.Build.0 = Debug|Any CPU
		{F045A35D-4F6B-43A9-BB88-B5E085E4481B}.Release|Any CPU.ActiveCfg = Release|Any CPU
		{F045A35D-4F6B-43A9-BB88-B5E085E4481B}.Release|Any CPU.Build.0 = Release|Any CPU
		{03E99B1F-4DA1-462F-91E9-A8AE8BF71A00}.Debug|Any CPU.ActiveCfg = Debug|Any CPU
		{03E99B1F-4DA1-462F-91E9-A8AE8BF71A00}.Debug|Any CPU.Build.0 = Debug|Any CPU
		{03E99B1F-4DA1-462F-91E9-A8AE8BF71A00}.Release|Any CPU.ActiveCfg = Release|Any CPU
		{03E99B1F-4DA1-462F-91E9-A8AE8BF71A00}.Release|Any CPU.Build.0 = Release|Any CPU
	EndGlobalSection
	GlobalSection(SolutionProperties) = preSolution
		HideSolutionNode = FALSE
	EndGlobalSection
	GlobalSection(ExtensibilityGlobals) = postSolution
		SolutionGuid = {9A3AD082-8C55-43CC-BBA5-A43B4D395669}
	EndGlobalSection
EndGlobal
